
Microsoft Visual Studio Solution File, Format Version 12.00
# Visual Studio Version 17
VisualStudioVersion = 17.9.34723.18
MinimumVisualStudioVersion = 10.0.40219.1
Project("{FAE04EC0-301F-11D3-BF4B-00C04F79EFBC}") = "SchoolManagementSystem", "SchoolManagementSystem.csproj", "{ACE215C5-D81C-4602-9900-4B3152DF731A}"
EndProject
Global
	GlobalSection(SolutionConfigurationPlatforms) = preSolution
		Debug|Any CPU = Debug|Any CPU
		Release|Any CPU = Release|Any CPU
	EndGlobalSection
	GlobalSection(ProjectConfigurationPlatforms) = postSolution
		{ACE215C5-D81C-4602-9900-4B3152DF731A}.Debug|Any CPU.ActiveCfg = Debug|Any CPU
		{ACE215C5-D81C-4602-9900-4B3152DF731A}.Debug|Any CPU.Build.0 = Debug|Any CPU
		{ACE215C5-D81C-4602-9900-4B3152DF731A}.Release|Any CPU.ActiveCfg = Release|Any CPU
		{ACE215C5-D81C-4602-9900-4B3152DF731A}.Release|Any CPU.Build.0 = Release|Any CPU
	EndGlobalSection
	GlobalSection(SolutionProperties) = preSolution
		HideSolutionNode = FALSE
	EndGlobalSection
	GlobalSection(ExtensibilityGlobals) = postSolution
		SolutionGuid = {DA04BC58-4DBE-4F9E-AD57-14B9500128A1}
	EndGlobalSection
EndGlobal
